
Microsoft Visual Studio Solution File, Format Version 12.00
# Visual Studio Version 16
VisualStudioVersion = 16.0.32002.261
MinimumVisualStudioVersion = 10.0.40219.1
Project("{FAE04EC0-301F-11D3-BF4B-00C04F79EFBC}") = "Bifrost", "Bifrost\Bifrost.csproj", "{4CEE6600-0E46-4369-898B-D1E4E1548D59}"
EndProject
Global
	GlobalSection(SolutionConfigurationPlatforms) = preSolution
		Debug|Any CPU = Debug|Any CPU
		Release|Any CPU = Release|Any CPU
	EndGlobalSection
	GlobalSection(ProjectConfigurationPlatforms) = postSolution
		{4CEE6600-0E46-4369-898B-D1E4E1548D59}.Debug|Any CPU.ActiveCfg = Debug|Any CPU
		{4CEE6600-0E46-4369-898B-D1E4E1548D59}.Debug|Any CPU.Build.0 = Debug|Any CPU
		{4CEE6600-0E46-4369-898B-D1E4E1548D59}.Release|Any CPU.ActiveCfg = Release|Any CPU
		{4CEE6600-0E46-4369-898B-D1E4E1548D59}.Release|Any CPU.Build.0 = Release|Any CPU
	EndGlobalSection
	GlobalSection(SolutionProperties) = preSolution
		HideSolutionNode = FALSE
	EndGlobalSection
	GlobalSection(ExtensibilityGlobals) = postSolution
		SolutionGuid = {70036DA0-2A6D-4198-9A88-01140F671075}
	EndGlobalSection
EndGlobal
